// !$*UTF8*$!
{
	archiveVersion = 1;
	classes = {
	};
	objectVersion = 55;
	objects = {

/* Begin PBXBuildFile section */
		021736B528A5A821003E66A6 /* FusionAllianceTests.swift in Sources */ = {isa = PBXBuildFile; fileRef = 021736B428A5A821003E66A6 /* FusionAllianceTests.swift */; };
		021736BC28A5A86D003E66A6 /* MockNetwork.swift in Sources */ = {isa = PBXBuildFile; fileRef = 021736BB28A5A86D003E66A6 /* MockNetwork.swift */; };
		021736BE28A5B5BE003E66A6 /* mockData.json in Resources */ = {isa = PBXBuildFile; fileRef = 021736BD28A5B5BE003E66A6 /* mockData.json */; };
		023E2EA628A1970900C5B7C7 /* FusionAllianceApp.swift in Sources */ = {isa = PBXBuildFile; fileRef = 023E2EA528A1970900C5B7C7 /* FusionAllianceApp.swift */; };
		023E2EA828A1970900C5B7C7 /* ContentView.swift in Sources */ = {isa = PBXBuildFile; fileRef = 023E2EA728A1970900C5B7C7 /* ContentView.swift */; };
		023E2EAA28A1970B00C5B7C7 /* Assets.xcassets in Resources */ = {isa = PBXBuildFile; fileRef = 023E2EA928A1970B00C5B7C7 /* Assets.xcassets */; };
		023E2EAD28A1970B00C5B7C7 /* Preview Assets.xcassets in Resources */ = {isa = PBXBuildFile; fileRef = 023E2EAC28A1970B00C5B7C7 /* Preview Assets.xcassets */; };
		023E2EB928A197E800C5B7C7 /* modelSports.swift in Sources */ = {isa = PBXBuildFile; fileRef = 023E2EB828A197E800C5B7C7 /* modelSports.swift */; };
		023E2EBB28A1987E00C5B7C7 /* viewModelList.swift in Sources */ = {isa = PBXBuildFile; fileRef = 023E2EBA28A1987E00C5B7C7 /* viewModelList.swift */; };
		023E2EBD28A1999B00C5B7C7 /* networking.swift in Sources */ = {isa = PBXBuildFile; fileRef = 023E2EBC28A1999B00C5B7C7 /* networking.swift */; };
		023E2EC028A294BE00C5B7C7 /* extensionURLErrors.swift in Sources */ = {isa = PBXBuildFile; fileRef = 023E2EBF28A294BE00C5B7C7 /* extensionURLErrors.swift */; };
		023E2EC228A29F6100C5B7C7 /* APILinks.swift in Sources */ = {isa = PBXBuildFile; fileRef = 023E2EC128A29F6100C5B7C7 /* APILinks.swift */; };
/* End PBXBuildFile section */

/* Begin PBXContainerItemProxy section */
		021736B628A5A821003E66A6 /* PBXContainerItemProxy */ = {
			isa = PBXContainerItemProxy;
			containerPortal = 023E2E9A28A1970800C5B7C7 /* Project object */;
			proxyType = 1;
			remoteGlobalIDString = 023E2EA128A1970900C5B7C7;
			remoteInfo = FusionAlliance;
		};
/* End PBXContainerItemProxy section */

/* Begin PBXFileReference section */
		021736B228A5A821003E66A6 /* FusionAllianceTests.xctest */ = {isa = PBXFileReference; explicitFileType = wrapper.cfbundle; includeInIndex = 0; path = FusionAllianceTests.xctest; sourceTree = BUILT_PRODUCTS_DIR; };
		021736B428A5A821003E66A6 /* FusionAllianceTests.swift */ = {isa = PBXFileReference; lastKnownFileType = sourcecode.swift; path = FusionAllianceTests.swift; sourceTree = "<group>"; };
		021736BB28A5A86D003E66A6 /* MockNetwork.swift */ = {isa = PBXFileReference; lastKnownFileType = sourcecode.swift; path = MockNetwork.swift; sourceTree = "<group>"; };
		021736BD28A5B5BE003E66A6 /* mockData.json */ = {isa = PBXFileReference; fileEncoding = 4; lastKnownFileType = text.json; path = mockData.json; sourceTree = "<group>"; };
		023E2EA228A1970900C5B7C7 /* FusionAlliance.app */ = {isa = PBXFileReference; explicitFileType = wrapper.application; includeInIndex = 0; path = FusionAlliance.app; sourceTree = BUILT_PRODUCTS_DIR; };
		023E2EA528A1970900C5B7C7 /* FusionAllianceApp.swift */ = {isa = PBXFileReference; lastKnownFileType = sourcecode.swift; path = FusionAllianceApp.swift; sourceTree = "<group>"; };
		023E2EA728A1970900C5B7C7 /* ContentView.swift */ = {isa = PBXFileReference; lastKnownFileType = sourcecode.swift; path = ContentView.swift; sourceTree = "<group>"; };
		023E2EA928A1970B00C5B7C7 /* Assets.xcassets */ = {isa = PBXFileReference; lastKnownFileType = folder.assetcatalog; path = Assets.xcassets; sourceTree = "<group>"; };
		023E2EAC28A1970B00C5B7C7 /* Preview Assets.xcassets */ = {isa = PBXFileReference; lastKnownFileType = folder.assetcatalog; path = "Preview Assets.xcassets"; sourceTree = "<group>"; };
		023E2EB828A197E800C5B7C7 /* modelSports.swift */ = {isa = PBXFileReference; lastKnownFileType = sourcecode.swift; path = modelSports.swift; sourceTree = "<group>"; };
		023E2EBA28A1987E00C5B7C7 /* viewModelList.swift */ = {isa = PBXFileReference; lastKnownFileType = sourcecode.swift; path = viewModelList.swift; sourceTree = "<group>"; };
		023E2EBC28A1999B00C5B7C7 /* networking.swift */ = {isa = PBXFileReference; lastKnownFileType = sourcecode.swift; path = networking.swift; sourceTree = "<group>"; };
		023E2EBF28A294BE00C5B7C7 /* extensionURLErrors.swift */ = {isa = PBXFileReference; lastKnownFileType = sourcecode.swift; path = extensionURLErrors.swift; sourceTree = "<group>"; };
		023E2EC128A29F6100C5B7C7 /* APILinks.swift */ = {isa = PBXFileReference; lastKnownFileType = sourcecode.swift; path = APILinks.swift; sourceTree = "<group>"; };
/* End PBXFileReference section */

/* Begin PBXFrameworksBuildPhase section */
		021736AF28A5A821003E66A6 /* Frameworks */ = {
			isa = PBXFrameworksBuildPhase;
			buildActionMask = 2147483647;
			files = (
			);
			runOnlyForDeploymentPostprocessing = 0;
		};
		023E2E9F28A1970900C5B7C7 /* Frameworks */ = {
			isa = PBXFrameworksBuildPhase;
			buildActionMask = 2147483647;
			files = (
			);
			runOnlyForDeploymentPostprocessing = 0;
		};
/* End PBXFrameworksBuildPhase section */

/* Begin PBXGroup section */
		021736B328A5A821003E66A6 /* FusionAllianceTests */ = {
			isa = PBXGroup;
			children = (
				021736BD28A5B5BE003E66A6 /* mockData.json */,
				021736B428A5A821003E66A6 /* FusionAllianceTests.swift */,
				021736BB28A5A86D003E66A6 /* MockNetwork.swift */,
			);
			path = FusionAllianceTests;
			sourceTree = "<group>";
		};
		023E2E9928A1970800C5B7C7 = {
			isa = PBXGroup;
			children = (
				023E2EA428A1970900C5B7C7 /* FusionAlliance */,
				021736B328A5A821003E66A6 /* FusionAllianceTests */,
				023E2EA328A1970900C5B7C7 /* Products */,
			);
			sourceTree = "<group>";
		};
		023E2EA328A1970900C5B7C7 /* Products */ = {
			isa = PBXGroup;
			children = (
				023E2EA228A1970900C5B7C7 /* FusionAlliance.app */,
				021736B228A5A821003E66A6 /* FusionAllianceTests.xctest */,
			);
			name = Products;
			sourceTree = "<group>";
		};
		023E2EA428A1970900C5B7C7 /* FusionAlliance */ = {
			isa = PBXGroup;
			children = (
				023E2EBE28A2948E00C5B7C7 /* Utils */,
				023E2EB728A197CD00C5B7C7 /* Networking */,
				023E2EB528A197BC00C5B7C7 /* ViewModel */,
				023E2EB428A197B400C5B7C7 /* View */,
				023E2EB328A197A700C5B7C7 /* Model */,
				023E2EA928A1970B00C5B7C7 /* Assets.xcassets */,
				023E2EAB28A1970B00C5B7C7 /* Preview Content */,
			);
			path = FusionAlliance;
			sourceTree = "<group>";
		};
		023E2EAB28A1970B00C5B7C7 /* Preview Content */ = {
			isa = PBXGroup;
			children = (
				023E2EAC28A1970B00C5B7C7 /* Preview Assets.xcassets */,
			);
			path = "Preview Content";
			sourceTree = "<group>";
		};
		023E2EB328A197A700C5B7C7 /* Model */ = {
			isa = PBXGroup;
			children = (
				023E2EB828A197E800C5B7C7 /* modelSports.swift */,
			);
			path = Model;
			sourceTree = "<group>";
		};
		023E2EB428A197B400C5B7C7 /* View */ = {
			isa = PBXGroup;
			children = (
				023E2EA528A1970900C5B7C7 /* FusionAllianceApp.swift */,
				023E2EA728A1970900C5B7C7 /* ContentView.swift */,
			);
			path = View;
			sourceTree = "<group>";
		};
		023E2EB528A197BC00C5B7C7 /* ViewModel */ = {
			isa = PBXGroup;
			children = (
				023E2EBA28A1987E00C5B7C7 /* viewModelList.swift */,
			);
			path = ViewModel;
			sourceTree = "<group>";
		};
		023E2EB728A197CD00C5B7C7 /* Networking */ = {
			isa = PBXGroup;
			children = (
				023E2EBC28A1999B00C5B7C7 /* networking.swift */,
			);
			path = Networking;
			sourceTree = "<group>";
		};
		023E2EBE28A2948E00C5B7C7 /* Utils */ = {
			isa = PBXGroup;
			children = (
				023E2EBF28A294BE00C5B7C7 /* extensionURLErrors.swift */,
				023E2EC128A29F6100C5B7C7 /* APILinks.swift */,
			);
			path = Utils;
			sourceTree = "<group>";
		};
/* End PBXGroup section */

/* Begin PBXNativeTarget section */
		021736B128A5A821003E66A6 /* FusionAllianceTests */ = {
			isa = PBXNativeTarget;
			buildConfigurationList = 021736BA28A5A821003E66A6 /* Build configuration list for PBXNativeTarget "FusionAllianceTests" */;
			buildPhases = (
				021736AE28A5A821003E66A6 /* Sources */,
				021736AF28A5A821003E66A6 /* Frameworks */,
				021736B028A5A821003E66A6 /* Resources */,
			);
			buildRules = (
			);
			dependencies = (
				021736B728A5A821003E66A6 /* PBXTargetDependency */,
			);
			name = FusionAllianceTests;
			productName = FusionAllianceTests;
			productReference = 021736B228A5A821003E66A6 /* FusionAllianceTests.xctest */;
			productType = "com.apple.product-type.bundle.unit-test";
		};
		023E2EA128A1970900C5B7C7 /* FusionAlliance */ = {
			isa = PBXNativeTarget;
			buildConfigurationList = 023E2EB028A1970B00C5B7C7 /* Build configuration list for PBXNativeTarget "FusionAlliance" */;
			buildPhases = (
				023E2E9E28A1970900C5B7C7 /* Sources */,
				023E2E9F28A1970900C5B7C7 /* Frameworks */,
				023E2EA028A1970900C5B7C7 /* Resources */,
			);
			buildRules = (
			);
			dependencies = (
			);
			name = FusionAlliance;
			productName = FusionAlliance;
			productReference = 023E2EA228A1970900C5B7C7 /* FusionAlliance.app */;
			productType = "com.apple.product-type.application";
		};
/* End PBXNativeTarget section */

/* Begin PBXProject section */
		023E2E9A28A1970800C5B7C7 /* Project object */ = {
			isa = PBXProject;
			attributes = {
				BuildIndependentTargetsInParallel = 1;
				LastSwiftUpdateCheck = 1340;
				LastUpgradeCheck = 1340;
				TargetAttributes = {
					021736B128A5A821003E66A6 = {
						CreatedOnToolsVersion = 13.4;
						TestTargetID = 023E2EA128A1970900C5B7C7;
					};
					023E2EA128A1970900C5B7C7 = {
						CreatedOnToolsVersion = 13.4;
					};
				};
			};
			buildConfigurationList = 023E2E9D28A1970800C5B7C7 /* Build configuration list for PBXProject "FusionAlliance" */;
			compatibilityVersion = "Xcode 13.0";
			developmentRegion = en;
			hasScannedForEncodings = 0;
			knownRegions = (
				en,
				Base,
			);
			mainGroup = 023E2E9928A1970800C5B7C7;
			productRefGroup = 023E2EA328A1970900C5B7C7 /* Products */;
			projectDirPath = "";
			projectRoot = "";
			targets = (
				023E2EA128A1970900C5B7C7 /* FusionAlliance */,
				021736B128A5A821003E66A6 /* FusionAllianceTests */,
			);
		};
/* End PBXProject section */

/* Begin PBXResourcesBuildPhase section */
		021736B028A5A821003E66A6 /* Resources */ = {
			isa = PBXResourcesBuildPhase;
			buildActionMask = 2147483647;
			files = (
				021736BE28A5B5BE003E66A6 /* mockData.json in Resources */,
			);
			runOnlyForDeploymentPostprocessing = 0;
		};
		023E2EA028A1970900C5B7C7 /* Resources */ = {
			isa = PBXResourcesBuildPhase;
			buildActionMask = 2147483647;
			files = (
				023E2EAD28A1970B00C5B7C7 /* Preview Assets.xcassets in Resources */,
				023E2EAA28A1970B00C5B7C7 /* Assets.xcassets in Resources */,
			);
			runOnlyForDeploymentPostprocessing = 0;
		};
/* End PBXResourcesBuildPhase section */

/* Begin PBXSourcesBuildPhase section */
		021736AE28A5A821003E66A6 /* Sources */ = {
			isa = PBXSourcesBuildPhase;
			buildActionMask = 2147483647;
			files = (
				021736BC28A5A86D003E66A6 /* MockNetwork.swift in Sources */,
				021736B528A5A821003E66A6 /* FusionAllianceTests.swift in Sources */,
			);
			runOnlyForDeploymentPostprocessing = 0;
		};
		023E2E9E28A1970900C5B7C7 /* Sources */ = {
			isa = PBXSourcesBuildPhase;
			buildActionMask = 2147483647;
			files = (
				023E2EA828A1970900C5B7C7 /* ContentView.swift in Sources */,
				023E2EBD28A1999B00C5B7C7 /* networking.swift in Sources */,
				023E2EA628A1970900C5B7C7 /* FusionAllianceApp.swift in Sources */,
				023E2EBB28A1987E00C5B7C7 /* viewModelList.swift in Sources */,
				023E2EC028A294BE00C5B7C7 /* extensionURLErrors.swift in Sources */,
				023E2EB928A197E800C5B7C7 /* modelSports.swift in Sources */,
				023E2EC228A29F6100C5B7C7 /* APILinks.swift in Sources */,
			);
			runOnlyForDeploymentPostprocessing = 0;
		};
/* End PBXSourcesBuildPhase section */

/* Begin PBXTargetDependency section */
		021736B728A5A821003E66A6 /* PBXTargetDependency */ = {
			isa = PBXTargetDependency;
			target = 023E2EA128A1970900C5B7C7 /* FusionAlliance */;
			targetProxy = 021736B628A5A821003E66A6 /* PBXContainerItemProxy */;
		};
/* End PBXTargetDependency section */

/* Begin XCBuildConfiguration section */
		021736B828A5A821003E66A6 /* Debug */ = {
			isa = XCBuildConfiguration;
			buildSettings = {
				BUNDLE_LOADER = "$(TEST_HOST)";
				CODE_SIGN_STYLE = Automatic;
				CURRENT_PROJECT_VERSION = 1;
				GENERATE_INFOPLIST_FILE = YES;
				MARKETING_VERSION = 1.0;
				PRODUCT_BUNDLE_IDENTIFIER = h1.FusionAllianceTests;
				PRODUCT_NAME = "$(TARGET_NAME)";
				SWIFT_EMIT_LOC_STRINGS = NO;
				SWIFT_VERSION = 5.0;
				TARGETED_DEVICE_FAMILY = "1,2";
				TEST_HOST = "$(BUILT_PRODUCTS_DIR)/FusionAlliance.app/FusionAlliance";
			};
			name = Debug;
		};
		021736B928A5A821003E66A6 /* Release */ = {
			isa = XCBuildConfiguration;
			buildSettings = {
				BUNDLE_LOADER = "$(TEST_HOST)";
				CODE_SIGN_STYLE = Automatic;
				CURRENT_PROJECT_VERSION = 1;
				GENERATE_INFOPLIST_FILE = YES;
				MARKETING_VERSION = 1.0;
				PRODUCT_BUNDLE_IDENTIFIER = h1.FusionAllianceTests;
				PRODUCT_NAME = "$(TARGET_NAME)";
				SWIFT_EMIT_LOC_STRINGS = NO;
				SWIFT_VERSION = 5.0;
				TARGETED_DEVICE_FAMILY = "1,2";
				TEST_HOST = "$(BUILT_PRODUCTS_DIR)/FusionAlliance.app/FusionAlliance";
			};
			name = Release;
		};
		023E2EAE28A1970B00C5B7C7 /* Debug */ = {
			isa = XCBuildConfiguration;
			buildSettings = {
				ALWAYS_SEARCH_USER_PATHS = NO;
				CLANG_ANALYZER_NONNULL = YES;
				CLANG_ANALYZER_NUMBER_OBJECT_CONVERSION = YES_AGGRESSIVE;
				CLANG_CXX_LANGUAGE_STANDARD = "gnu++17";
				CLANG_ENABLE_MODULES = YES;
				CLANG_ENABLE_OBJC_ARC = YES;
				CLANG_ENABLE_OBJC_WEAK = YES;
				CLANG_WARN_BLOCK_CAPTURE_AUTORELEASING = YES;
				CLANG_WARN_BOOL_CONVERSION = YES;
				CLANG_WARN_COMMA = YES;
				CLANG_WARN_CONSTANT_CONVERSION = YES;
				CLANG_WARN_DEPRECATED_OBJC_IMPLEMENTATIONS = YES;
				CLANG_WARN_DIRECT_OBJC_ISA_USAGE = YES_ERROR;
				CLANG_WARN_DOCUMENTATION_COMMENTS = YES;
				CLANG_WARN_EMPTY_BODY = YES;
				CLANG_WARN_ENUM_CONVERSION = YES;
				CLANG_WARN_INFINITE_RECURSION = YES;
				CLANG_WARN_INT_CONVERSION = YES;
				CLANG_WARN_NON_LITERAL_NULL_CONVERSION = YES;
				CLANG_WARN_OBJC_IMPLICIT_RETAIN_SELF = YES;
				CLANG_WARN_OBJC_LITERAL_CONVERSION = YES;
				CLANG_WARN_OBJC_ROOT_CLASS = YES_ERROR;
				CLANG_WARN_QUOTED_INCLUDE_IN_FRAMEWORK_HEADER = YES;
				CLANG_WARN_RANGE_LOOP_ANALYSIS = YES;
				CLANG_WARN_STRICT_PROTOTYPES = YES;
				CLANG_WARN_SUSPICIOUS_MOVE = YES;
				CLANG_WARN_UNGUARDED_AVAILABILITY = YES_AGGRESSIVE;
				CLANG_WARN_UNREACHABLE_CODE = YES;
				CLANG_WARN__DUPLICATE_METHOD_MATCH = YES;
				COPY_PHASE_STRIP = NO;
				DEBUG_INFORMATION_FORMAT = dwarf;
				ENABLE_STRICT_OBJC_MSGSEND = YES;
				ENABLE_TESTABILITY = YES;
				GCC_C_LANGUAGE_STANDARD = gnu11;
				GCC_DYNAMIC_NO_PIC = NO;
				GCC_NO_COMMON_BLOCKS = YES;
				GCC_OPTIMIZATION_LEVEL = 0;
				GCC_PREPROCESSOR_DEFINITIONS = (
					"DEBUG=1",
					"$(inherited)",
				);
				GCC_WARN_64_TO_32_BIT_CONVERSION = YES;
				GCC_WARN_ABOUT_RETURN_TYPE = YES_ERROR;
				GCC_WARN_UNDECLARED_SELECTOR = YES;
				GCC_WARN_UNINITIALIZED_AUTOS = YES_AGGRESSIVE;
				GCC_WARN_UNUSED_FUNCTION = YES;
				GCC_WARN_UNUSED_VARIABLE = YES;
				IPHONEOS_DEPLOYMENT_TARGET = 15.5;
				MTL_ENABLE_DEBUG_INFO = INCLUDE_SOURCE;
				MTL_FAST_MATH = YES;
				ONLY_ACTIVE_ARCH = YES;
				SDKROOT = iphoneos;
				SWIFT_ACTIVE_COMPILATION_CONDITIONS = DEBUG;
				SWIFT_OPTIMIZATION_LEVEL = "-Onone";
			};
			name = Debug;
		};
		023E2EAF28A1970B00C5B7C7 /* Release */ = {
			isa = XCBuildConfiguration;
			buildSettings = {
				ALWAYS_SEARCH_USER_PATHS = NO;
				CLANG_ANALYZER_NONNULL = YES;
				CLANG_ANALYZER_NUMBER_OBJECT_CONVERSION = YES_AGGRESSIVE;
				CLANG_CXX_LANGUAGE_STANDARD = "gnu++17";
				CLANG_ENABLE_MODULES = YES;
				CLANG_ENABLE_OBJC_ARC = YES;
				CLANG_ENABLE_OBJC_WEAK = YES;
				CLANG_WARN_BLOCK_CAPTURE_AUTORELEASING = YES;
				CLANG_WARN_BOOL_CONVERSION = YES;
				CLANG_WARN_COMMA = YES;
				CLANG_WARN_CONSTANT_CONVERSION = YES;
				CLANG_WARN_DEPRECATED_OBJC_IMPLEMENTATIONS = YES;
				CLANG_WARN_DIRECT_OBJC_ISA_USAGE = YES_ERROR;
				CLANG_WARN_DOCUMENTATION_COMMENTS = YES;
				CLANG_WARN_EMPTY_BODY = YES;
				CLANG_WARN_ENUM_CONVERSION = YES;
				CLANG_WARN_INFINITE_RECURSION = YES;
				CLANG_WARN_INT_CONVERSION = YES;
				CLANG_WARN_NON_LITERAL_NULL_CONVERSION = YES;
				CLANG_WARN_OBJC_IMPLICIT_RETAIN_SELF = YES;
				CLANG_WARN_OBJC_LITERAL_CONVERSION = YES;
				CLANG_WARN_OBJC_ROOT_CLASS = YES_ERROR;
				CLANG_WARN_QUOTED_INCLUDE_IN_FRAMEWORK_HEADER = YES;
				CLANG_WARN_RANGE_LOOP_ANALYSIS = YES;
				CLANG_WARN_STRICT_PROTOTYPES = YES;
				CLANG_WARN_SUSPICIOUS_MOVE = YES;
				CLANG_WARN_UNGUARDED_AVAILABILITY = YES_AGGRESSIVE;
				CLANG_WARN_UNREACHABLE_CODE = YES;
				CLANG_WARN__DUPLICATE_METHOD_MATCH = YES;
				COPY_PHASE_STRIP = NO;
				DEBUG_INFORMATION_FORMAT = "dwarf-with-dsym";
				ENABLE_NS_ASSERTIONS = NO;
				ENABLE_STRICT_OBJC_MSGSEND = YES;
				GCC_C_LANGUAGE_STANDARD = gnu11;
				GCC_NO_COMMON_BLOCKS = YES;
				GCC_WARN_64_TO_32_BIT_CONVERSION = YES;
				GCC_WARN_ABOUT_RETURN_TYPE = YES_ERROR;
				GCC_WARN_UNDECLARED_SELECTOR = YES;
				GCC_WARN_UNINITIALIZED_AUTOS = YES_AGGRESSIVE;
				GCC_WARN_UNUSED_FUNCTION = YES;
				GCC_WARN_UNUSED_VARIABLE = YES;
				IPHONEOS_DEPLOYMENT_TARGET = 15.5;
				MTL_ENABLE_DEBUG_INFO = NO;
				MTL_FAST_MATH = YES;
				SDKROOT = iphoneos;
				SWIFT_COMPILATION_MODE = wholemodule;
				SWIFT_OPTIMIZATION_LEVEL = "-O";
				VALIDATE_PRODUCT = YES;
			};
			name = Release;
		};
		023E2EB128A1970B00C5B7C7 /* Debug */ = {
			isa = XCBuildConfiguration;
			buildSettings = {
				ASSETCATALOG_COMPILER_APPICON_NAME = AppIcon;
				ASSETCATALOG_COMPILER_GLOBAL_ACCENT_COLOR_NAME = AccentColor;
				CODE_SIGN_STYLE = Automatic;
				CURRENT_PROJECT_VERSION = 1;
				DEVELOPMENT_ASSET_PATHS = "\"FusionAlliance/Preview Content\"";
				ENABLE_PREVIEWS = YES;
				GENERATE_INFOPLIST_FILE = YES;
				INFOPLIST_KEY_UIApplicationSceneManifest_Generation = YES;
				INFOPLIST_KEY_UIApplicationSupportsIndirectInputEvents = YES;
				INFOPLIST_KEY_UILaunchScreen_Generation = YES;
				INFOPLIST_KEY_UISupportedInterfaceOrientations_iPad = "UIInterfaceOrientationPortrait UIInterfaceOrientationPortraitUpsideDown UIInterfaceOrientationLandscapeLeft UIInterfaceOrientationLandscapeRight";
				INFOPLIST_KEY_UISupportedInterfaceOrientations_iPhone = "UIInterfaceOrientationPortrait UIInterfaceOrientationLandscapeLeft UIInterfaceOrientationLandscapeRight";
				LD_RUNPATH_SEARCH_PATHS = (
					"$(inherited)",
					"@executable_path/Frameworks",
				);
				MARKETING_VERSION = 1.0;
				PRODUCT_BUNDLE_IDENTIFIER = h1.FusionAlliance;
				PRODUCT_NAME = "$(TARGET_NAME)";
				SWIFT_EMIT_LOC_STRINGS = YES;
				SWIFT_VERSION = 5.0;
				TARGETED_DEVICE_FAMILY = "1,2";
			};
			name = Debug;
		};
		023E2EB228A1970B00C5B7C7 /* Release */ = {
			isa = XCBuildConfiguration;
			buildSettings = {
				ASSETCATALOG_COMPILER_APPICON_NAME = AppIcon;
				ASSETCATALOG_COMPILER_GLOBAL_ACCENT_COLOR_NAME = AccentColor;
				CODE_SIGN_STYLE = Automatic;
				CURRENT_PROJECT_VERSION = 1;
				DEVELOPMENT_ASSET_PATHS = "\"FusionAlliance/Preview Content\"";
				ENABLE_PREVIEWS = YES;
				GENERATE_INFOPLIST_FILE = YES;
				INFOPLIST_KEY_UIApplicationSceneManifest_Generation = YES;
				INFOPLIST_KEY_UIApplicationSupportsIndirectInputEvents = YES;
				INFOPLIST_KEY_UILaunchScreen_Generation = YES;
				INFOPLIST_KEY_UISupportedInterfaceOrientations_iPad = "UIInterfaceOrientationPortrait UIInterfaceOrientationPortraitUpsideDown UIInterfaceOrientationLandscapeLeft UIInterfaceOrientationLandscapeRight";
				INFOPLIST_KEY_UISupportedInterfaceOrientations_iPhone = "UIInterfaceOrientationPortrait UIInterfaceOrientationLandscapeLeft UIInterfaceOrientationLandscapeRight";
				LD_RUNPATH_SEARCH_PATHS = (
					"$(inherited)",
					"@executable_path/Frameworks",
				);
				MARKETING_VERSION = 1.0;
				PRODUCT_BUNDLE_IDENTIFIER = h1.FusionAlliance;
				PRODUCT_NAME = "$(TARGET_NAME)";
				SWIFT_EMIT_LOC_STRINGS = YES;
				SWIFT_VERSION = 5.0;
				TARGETED_DEVICE_FAMILY = "1,2";
			};
			name = Release;
		};
/* End XCBuildConfiguration section */

/* Begin XCConfigurationList section */
		021736BA28A5A821003E66A6 /* Build configuration list for PBXNativeTarget "FusionAllianceTests" */ = {
			isa = XCConfigurationList;
			buildConfigurations = (
				021736B828A5A821003E66A6 /* Debug */,
				021736B928A5A821003E66A6 /* Release */,
			);
			defaultConfigurationIsVisible = 0;
			defaultConfigurationName = Release;
		};
		023E2E9D28A1970800C5B7C7 /* Build configuration list for PBXProject "FusionAlliance" */ = {
			isa = XCConfigurationList;
			buildConfigurations = (
				023E2EAE28A1970B00C5B7C7 /* Debug */,
				023E2EAF28A1970B00C5B7C7 /* Release */,
			);
			defaultConfigurationIsVisible = 0;
			defaultConfigurationName = Release;
		};
		023E2EB028A1970B00C5B7C7 /* Build configuration list for PBXNativeTarget "FusionAlliance" */ = {
			isa = XCConfigurationList;
			buildConfigurations = (
				023E2EB128A1970B00C5B7C7 /* Debug */,
				023E2EB228A1970B00C5B7C7 /* Release */,
			);
			defaultConfigurationIsVisible = 0;
			defaultConfigurationName = Release;
		};
/* End XCConfigurationList section */
	};
	rootObject = 023E2E9A28A1970800C5B7C7 /* Project object */;
}
